
Microsoft Visual Studio Solution File, Format Version 12.00
# Visual Studio Version 17
VisualStudioVersion = 17.10.35027.167
MinimumVisualStudioVersion = 10.0.40219.1
Project("{FAE04EC0-301F-11D3-BF4B-00C04F79EFBC}") = "TestDemo", "TestDemo\TestDemo.csproj", "{AB525605-FD19-44F2-8FB0-F0EB018EE26B}"
EndProject
Global
	GlobalSection(SolutionConfigurationPlatforms) = preSolution
		Debug|Any CPU = Debug|Any CPU
		Release|Any CPU = Release|Any CPU
	EndGlobalSection
	GlobalSection(ProjectConfigurationPlatforms) = postSolution
		{AB525605-FD19-44F2-8FB0-F0EB018EE26B}.Debug|Any CPU.ActiveCfg = Debug|Any CPU
		{AB525605-FD19-44F2-8FB0-F0EB018EE26B}.Debug|Any CPU.Build.0 = Debug|Any CPU
		{AB525605-FD19-44F2-8FB0-F0EB018EE26B}.Release|Any CPU.ActiveCfg = Release|Any CPU
		{AB525605-FD19-44F2-8FB0-F0EB018EE26B}.Release|Any CPU.Build.0 = Release|Any CPU
	EndGlobalSection
	GlobalSection(SolutionProperties) = preSolution
		HideSolutionNode = FALSE
	EndGlobalSection
	GlobalSection(ExtensibilityGlobals) = postSolution
		SolutionGuid = {4FE73FD9-31B4-4ED9-92C9-B31F3F82D553}
	EndGlobalSection
EndGlobal
